
Microsoft Visual Studio Solution File, Format Version 12.00
# Visual Studio 15
VisualStudioVersion = 15.0.27428.2015
MinimumVisualStudioVersion = 10.0.40219.1
Project("{FAE04EC0-301F-11D3-BF4B-00C04F79EFBC}") = "VaultAutomation", "VaultAutomation.csproj", "{1C704EE7-8AF3-4E87-BF0A-5E3A286B4C7F}"
EndProject
Project("{FAE04EC0-301F-11D3-BF4B-00C04F79EFBC}") = "VaultTest", "..\VaultTest\VaultTest.csproj", "{05DAC8B6-253E-416E-A6D6-B2272A938C4F}"
EndProject
Global
	GlobalSection(SolutionConfigurationPlatforms) = preSolution
		Debug|Any CPU = Debug|Any CPU
		Release|Any CPU = Release|Any CPU
	EndGlobalSection
	GlobalSection(ProjectConfigurationPlatforms) = postSolution
		{1C704EE7-8AF3-4E87-BF0A-5E3A286B4C7F}.Debug|Any CPU.ActiveCfg = Debug|Any CPU
		{1C704EE7-8AF3-4E87-BF0A-5E3A286B4C7F}.Debug|Any CPU.Build.0 = Debug|Any CPU
		{1C704EE7-8AF3-4E87-BF0A-5E3A286B4C7F}.Release|Any CPU.ActiveCfg = Release|Any CPU
		{1C704EE7-8AF3-4E87-BF0A-5E3A286B4C7F}.Release|Any CPU.Build.0 = Release|Any CPU
		{05DAC8B6-253E-416E-A6D6-B2272A938C4F}.Debug|Any CPU.ActiveCfg = Debug|Any CPU
		{05DAC8B6-253E-416E-A6D6-B2272A938C4F}.Debug|Any CPU.Build.0 = Debug|Any CPU
		{05DAC8B6-253E-416E-A6D6-B2272A938C4F}.Release|Any CPU.ActiveCfg = Release|Any CPU
		{05DAC8B6-253E-416E-A6D6-B2272A938C4F}.Release|Any CPU.Build.0 = Release|Any CPU
	EndGlobalSection
	GlobalSection(SolutionProperties) = preSolution
		HideSolutionNode = FALSE
	EndGlobalSection
	GlobalSection(ExtensibilityGlobals) = postSolution
		SolutionGuid = {4876D4C6-753F-46FB-802E-F41355497574}
	EndGlobalSection
EndGlobal
